
Microsoft Visual Studio Solution File, Format Version 12.00
# Visual Studio Version 16
VisualStudioVersion = 16.0.32602.291
MinimumVisualStudioVersion = 10.0.40219.1
Project("{FAE04EC0-301F-11D3-BF4B-00C04F79EFBC}") = "Crud", "Crud\Crud.csproj", "{6AC47739-46BC-47AF-910B-C59C2DA33452}"
EndProject
Global
	GlobalSection(SolutionConfigurationPlatforms) = preSolution
		Debug|Any CPU = Debug|Any CPU
		Release|Any CPU = Release|Any CPU
	EndGlobalSection
	GlobalSection(ProjectConfigurationPlatforms) = postSolution
		{6AC47739-46BC-47AF-910B-C59C2DA33452}.Debug|Any CPU.ActiveCfg = Debug|Any CPU
		{6AC47739-46BC-47AF-910B-C59C2DA33452}.Debug|Any CPU.Build.0 = Debug|Any CPU
		{6AC47739-46BC-47AF-910B-C59C2DA33452}.Release|Any CPU.ActiveCfg = Release|Any CPU
		{6AC47739-46BC-47AF-910B-C59C2DA33452}.Release|Any CPU.Build.0 = Release|Any CPU
	EndGlobalSection
	GlobalSection(SolutionProperties) = preSolution
		HideSolutionNode = FALSE
	EndGlobalSection
	GlobalSection(ExtensibilityGlobals) = postSolution
		SolutionGuid = {54F88DF2-CDC3-4510-8260-AD982E649481}
	EndGlobalSection
EndGlobal
